// !$*UTF8*$!
{
	archiveVersion = 1;
	classes = {
	};
	objectVersion = 56;
	objects = {

/* Begin PBXBuildFile section */
		6992809C2B1D77AE00079E7B /* ios_engineer_codecheckApp.swift in Sources */ = {isa = PBXBuildFile; fileRef = 6992809B2B1D77AE00079E7B /* ios_engineer_codecheckApp.swift */; };
		6992809E2B1D77AE00079E7B /* ContentView.swift in Sources */ = {isa = PBXBuildFile; fileRef = 6992809D2B1D77AE00079E7B /* ContentView.swift */; };
		699280A02B1D77B100079E7B /* Assets.xcassets in Resources */ = {isa = PBXBuildFile; fileRef = 6992809F2B1D77B100079E7B /* Assets.xcassets */; };
		699280A32B1D77B100079E7B /* Preview Assets.xcassets in Resources */ = {isa = PBXBuildFile; fileRef = 699280A22B1D77B100079E7B /* Preview Assets.xcassets */; };
		699280AD2B1D786600079E7B /* ContentCore.swift in Sources */ = {isa = PBXBuildFile; fileRef = 699280AC2B1D786600079E7B /* ContentCore.swift */; };
		699280B62B1D830300079E7B /* ComposableArchitecture in Frameworks */ = {isa = PBXBuildFile; productRef = 699280B52B1D830300079E7B /* ComposableArchitecture */; };
/* End PBXBuildFile section */

/* Begin PBXFileReference section */
		699280982B1D77AE00079E7B /* ios-engineer-codecheck.app */ = {isa = PBXFileReference; explicitFileType = wrapper.application; includeInIndex = 0; path = "ios-engineer-codecheck.app"; sourceTree = BUILT_PRODUCTS_DIR; };
		6992809B2B1D77AE00079E7B /* ios_engineer_codecheckApp.swift */ = {isa = PBXFileReference; lastKnownFileType = sourcecode.swift; path = ios_engineer_codecheckApp.swift; sourceTree = "<group>"; };
		6992809D2B1D77AE00079E7B /* ContentView.swift */ = {isa = PBXFileReference; lastKnownFileType = sourcecode.swift; path = ContentView.swift; sourceTree = "<group>"; };
		6992809F2B1D77B100079E7B /* Assets.xcassets */ = {isa = PBXFileReference; lastKnownFileType = folder.assetcatalog; path = Assets.xcassets; sourceTree = "<group>"; };
		699280A22B1D77B100079E7B /* Preview Assets.xcassets */ = {isa = PBXFileReference; lastKnownFileType = folder.assetcatalog; path = "Preview Assets.xcassets"; sourceTree = "<group>"; };
		699280AC2B1D786600079E7B /* ContentCore.swift */ = {isa = PBXFileReference; lastKnownFileType = sourcecode.swift; path = ContentCore.swift; sourceTree = "<group>"; };
/* End PBXFileReference section */

/* Begin PBXFrameworksBuildPhase section */
		699280952B1D77AE00079E7B /* Frameworks */ = {
			isa = PBXFrameworksBuildPhase;
			buildActionMask = 2147483647;
			files = (
				699280B62B1D830300079E7B /* ComposableArchitecture in Frameworks */,
			);
			runOnlyForDeploymentPostprocessing = 0;
		};
/* End PBXFrameworksBuildPhase section */

/* Begin PBXGroup section */
		6992808F2B1D77AE00079E7B = {
			isa = PBXGroup;
			children = (
				6992809A2B1D77AE00079E7B /* ios-engineer-codecheck */,
				699280992B1D77AE00079E7B /* Products */,
			);
			sourceTree = "<group>";
		};
		699280992B1D77AE00079E7B /* Products */ = {
			isa = PBXGroup;
			children = (
				699280982B1D77AE00079E7B /* ios-engineer-codecheck.app */,
			);
			name = Products;
			sourceTree = "<group>";
		};
		6992809A2B1D77AE00079E7B /* ios-engineer-codecheck */ = {
			isa = PBXGroup;
			children = (
				6992809B2B1D77AE00079E7B /* ios_engineer_codecheckApp.swift */,
				6992809D2B1D77AE00079E7B /* ContentView.swift */,
				699280AC2B1D786600079E7B /* ContentCore.swift */,
				6992809F2B1D77B100079E7B /* Assets.xcassets */,
				699280A12B1D77B100079E7B /* Preview Content */,
			);
			path = "ios-engineer-codecheck";
			sourceTree = "<group>";
		};
		699280A12B1D77B100079E7B /* Preview Content */ = {
			isa = PBXGroup;
			children = (
				699280A22B1D77B100079E7B /* Preview Assets.xcassets */,
			);
			path = "Preview Content";
			sourceTree = "<group>";
		};
/* End PBXGroup section */

/* Begin PBXNativeTarget section */
		699280972B1D77AE00079E7B /* ios-engineer-codecheck */ = {
			isa = PBXNativeTarget;
			buildConfigurationList = 699280A62B1D77B100079E7B /* Build configuration list for PBXNativeTarget "ios-engineer-codecheck" */;
			buildPhases = (
				699280942B1D77AE00079E7B /* Sources */,
				699280952B1D77AE00079E7B /* Frameworks */,
				699280962B1D77AE00079E7B /* Resources */,
			);
			buildRules = (
			);
			dependencies = (
			);
			name = "ios-engineer-codecheck";
			packageProductDependencies = (
				699280B52B1D830300079E7B /* ComposableArchitecture */,
			);
			productName = "ios-engineer-codecheck";
			productReference = 699280982B1D77AE00079E7B /* ios-engineer-codecheck.app */;
			productType = "com.apple.product-type.application";
		};
/* End PBXNativeTarget section */

/* Begin PBXProject section */
		699280902B1D77AE00079E7B /* Project object */ = {
			isa = PBXProject;
			attributes = {
				BuildIndependentTargetsInParallel = 1;
				LastSwiftUpdateCheck = 1420;
				LastUpgradeCheck = 1420;
				TargetAttributes = {
					699280972B1D77AE00079E7B = {
						CreatedOnToolsVersion = 14.2;
					};
				};
			};
			buildConfigurationList = 699280932B1D77AE00079E7B /* Build configuration list for PBXProject "ios-engineer-codecheck" */;
			compatibilityVersion = "Xcode 14.0";
			developmentRegion = en;
			hasScannedForEncodings = 0;
			knownRegions = (
				en,
				Base,
			);
			mainGroup = 6992808F2B1D77AE00079E7B;
			packageReferences = (
				699280B42B1D830300079E7B /* XCRemoteSwiftPackageReference "swift-composable-architecture" */,
			);
			productRefGroup = 699280992B1D77AE00079E7B /* Products */;
			projectDirPath = "";
			projectRoot = "";
			targets = (
				699280972B1D77AE00079E7B /* ios-engineer-codecheck */,
			);
		};
/* End PBXProject section */

/* Begin PBXResourcesBuildPhase section */
		699280962B1D77AE00079E7B /* Resources */ = {
			isa = PBXResourcesBuildPhase;
			buildActionMask = 2147483647;
			files = (
				699280A32B1D77B100079E7B /* Preview Assets.xcassets in Resources */,
				699280A02B1D77B100079E7B /* Assets.xcassets in Resources */,
			);
			runOnlyForDeploymentPostprocessing = 0;
		};
/* End PBXResourcesBuildPhase section */

/* Begin PBXSourcesBuildPhase section */
		699280942B1D77AE00079E7B /* Sources */ = {
			isa = PBXSourcesBuildPhase;
			buildActionMask = 2147483647;
			files = (
				699280AD2B1D786600079E7B /* ContentCore.swift in Sources */,
				6992809E2B1D77AE00079E7B /* ContentView.swift in Sources */,
				6992809C2B1D77AE00079E7B /* ios_engineer_codecheckApp.swift in Sources */,
			);
			runOnlyForDeploymentPostprocessing = 0;
		};
/* End PBXSourcesBuildPhase section */

/* Begin XCBuildConfiguration section */
		699280A42B1D77B100079E7B /* Debug */ = {
			isa = XCBuildConfiguration;
			buildSettings = {
				ALWAYS_SEARCH_USER_PATHS = NO;
				CLANG_ANALYZER_NONNULL = YES;
				CLANG_ANALYZER_NUMBER_OBJECT_CONVERSION = YES_AGGRESSIVE;
				CLANG_CXX_LANGUAGE_STANDARD = "gnu++20";
				CLANG_ENABLE_MODULES = YES;
				CLANG_ENABLE_OBJC_ARC = YES;
				CLANG_ENABLE_OBJC_WEAK = YES;
				CLANG_WARN_BLOCK_CAPTURE_AUTORELEASING = YES;
				CLANG_WARN_BOOL_CONVERSION = YES;
				CLANG_WARN_COMMA = YES;
				CLANG_WARN_CONSTANT_CONVERSION = YES;
				CLANG_WARN_DEPRECATED_OBJC_IMPLEMENTATIONS = YES;
				CLANG_WARN_DIRECT_OBJC_ISA_USAGE = YES_ERROR;
				CLANG_WARN_DOCUMENTATION_COMMENTS = YES;
				CLANG_WARN_EMPTY_BODY = YES;
				CLANG_WARN_ENUM_CONVERSION = YES;
				CLANG_WARN_INFINITE_RECURSION = YES;
				CLANG_WARN_INT_CONVERSION = YES;
				CLANG_WARN_NON_LITERAL_NULL_CONVERSION = YES;
				CLANG_WARN_OBJC_IMPLICIT_RETAIN_SELF = YES;
				CLANG_WARN_OBJC_LITERAL_CONVERSION = YES;
				CLANG_WARN_OBJC_ROOT_CLASS = YES_ERROR;
				CLANG_WARN_QUOTED_INCLUDE_IN_FRAMEWORK_HEADER = YES;
				CLANG_WARN_RANGE_LOOP_ANALYSIS = YES;
				CLANG_WARN_STRICT_PROTOTYPES = YES;
				CLANG_WARN_SUSPICIOUS_MOVE = YES;
				CLANG_WARN_UNGUARDED_AVAILABILITY = YES_AGGRESSIVE;
				CLANG_WARN_UNREACHABLE_CODE = YES;
				CLANG_WARN__DUPLICATE_METHOD_MATCH = YES;
				COPY_PHASE_STRIP = NO;
				DEBUG_INFORMATION_FORMAT = dwarf;
				ENABLE_STRICT_OBJC_MSGSEND = YES;
				ENABLE_TESTABILITY = YES;
				GCC_C_LANGUAGE_STANDARD = gnu11;
				GCC_DYNAMIC_NO_PIC = NO;
				GCC_NO_COMMON_BLOCKS = YES;
				GCC_OPTIMIZATION_LEVEL = 0;
				GCC_PREPROCESSOR_DEFINITIONS = (
					"DEBUG=1",
					"$(inherited)",
				);
				GCC_WARN_64_TO_32_BIT_CONVERSION = YES;
				GCC_WARN_ABOUT_RETURN_TYPE = YES_ERROR;
				GCC_WARN_UNDECLARED_SELECTOR = YES;
				GCC_WARN_UNINITIALIZED_AUTOS = YES_AGGRESSIVE;
				GCC_WARN_UNUSED_FUNCTION = YES;
				GCC_WARN_UNUSED_VARIABLE = YES;
				IPHONEOS_DEPLOYMENT_TARGET = 16.2;
				MTL_ENABLE_DEBUG_INFO = INCLUDE_SOURCE;
				MTL_FAST_MATH = YES;
				ONLY_ACTIVE_ARCH = YES;
				SDKROOT = iphoneos;
				SWIFT_ACTIVE_COMPILATION_CONDITIONS = DEBUG;
				SWIFT_OPTIMIZATION_LEVEL = "-Onone";
			};
			name = Debug;
		};
		699280A52B1D77B100079E7B /* Release */ = {
			isa = XCBuildConfiguration;
			buildSettings = {
				ALWAYS_SEARCH_USER_PATHS = NO;
				CLANG_ANALYZER_NONNULL = YES;
				CLANG_ANALYZER_NUMBER_OBJECT_CONVERSION = YES_AGGRESSIVE;
				CLANG_CXX_LANGUAGE_STANDARD = "gnu++20";
				CLANG_ENABLE_MODULES = YES;
				CLANG_ENABLE_OBJC_ARC = YES;
				CLANG_ENABLE_OBJC_WEAK = YES;
				CLANG_WARN_BLOCK_CAPTURE_AUTORELEASING = YES;
				CLANG_WARN_BOOL_CONVERSION = YES;
				CLANG_WARN_COMMA = YES;
				CLANG_WARN_CONSTANT_CONVERSION = YES;
				CLANG_WARN_DEPRECATED_OBJC_IMPLEMENTATIONS = YES;
				CLANG_WARN_DIRECT_OBJC_ISA_USAGE = YES_ERROR;
				CLANG_WARN_DOCUMENTATION_COMMENTS = YES;
				CLANG_WARN_EMPTY_BODY = YES;
				CLANG_WARN_ENUM_CONVERSION = YES;
				CLANG_WARN_INFINITE_RECURSION = YES;
				CLANG_WARN_INT_CONVERSION = YES;
				CLANG_WARN_NON_LITERAL_NULL_CONVERSION = YES;
				CLANG_WARN_OBJC_IMPLICIT_RETAIN_SELF = YES;
				CLANG_WARN_OBJC_LITERAL_CONVERSION = YES;
				CLANG_WARN_OBJC_ROOT_CLASS = YES_ERROR;
				CLANG_WARN_QUOTED_INCLUDE_IN_FRAMEWORK_HEADER = YES;
				CLANG_WARN_RANGE_LOOP_ANALYSIS = YES;
				CLANG_WARN_STRICT_PROTOTYPES = YES;
				CLANG_WARN_SUSPICIOUS_MOVE = YES;
				CLANG_WARN_UNGUARDED_AVAILABILITY = YES_AGGRESSIVE;
				CLANG_WARN_UNREACHABLE_CODE = YES;
				CLANG_WARN__DUPLICATE_METHOD_MATCH = YES;
				COPY_PHASE_STRIP = NO;
				DEBUG_INFORMATION_FORMAT = "dwarf-with-dsym";
				ENABLE_NS_ASSERTIONS = NO;
				ENABLE_STRICT_OBJC_MSGSEND = YES;
				GCC_C_LANGUAGE_STANDARD = gnu11;
				GCC_NO_COMMON_BLOCKS = YES;
				GCC_WARN_64_TO_32_BIT_CONVERSION = YES;
				GCC_WARN_ABOUT_RETURN_TYPE = YES_ERROR;
				GCC_WARN_UNDECLARED_SELECTOR = YES;
				GCC_WARN_UNINITIALIZED_AUTOS = YES_AGGRESSIVE;
				GCC_WARN_UNUSED_FUNCTION = YES;
				GCC_WARN_UNUSED_VARIABLE = YES;
				IPHONEOS_DEPLOYMENT_TARGET = 16.2;
				MTL_ENABLE_DEBUG_INFO = NO;
				MTL_FAST_MATH = YES;
				SDKROOT = iphoneos;
				SWIFT_COMPILATION_MODE = wholemodule;
				SWIFT_OPTIMIZATION_LEVEL = "-O";
				VALIDATE_PRODUCT = YES;
			};
			name = Release;
		};
		699280A72B1D77B100079E7B /* Debug */ = {
			isa = XCBuildConfiguration;
			buildSettings = {
				ASSETCATALOG_COMPILER_APPICON_NAME = AppIcon;
				ASSETCATALOG_COMPILER_GLOBAL_ACCENT_COLOR_NAME = AccentColor;
				CODE_SIGN_STYLE = Automatic;
				CURRENT_PROJECT_VERSION = 1;
				DEVELOPMENT_ASSET_PATHS = "\"ios-engineer-codecheck/Preview Content\"";
				DEVELOPMENT_TEAM = 276WP2MQBP;
				ENABLE_PREVIEWS = YES;
				GENERATE_INFOPLIST_FILE = YES;
				INFOPLIST_KEY_UIApplicationSceneManifest_Generation = YES;
				INFOPLIST_KEY_UIApplicationSupportsIndirectInputEvents = YES;
				INFOPLIST_KEY_UILaunchScreen_Generation = YES;
				INFOPLIST_KEY_UISupportedInterfaceOrientations_iPad = "UIInterfaceOrientationPortrait UIInterfaceOrientationPortraitUpsideDown UIInterfaceOrientationLandscapeLeft UIInterfaceOrientationLandscapeRight";
				INFOPLIST_KEY_UISupportedInterfaceOrientations_iPhone = "UIInterfaceOrientationPortrait UIInterfaceOrientationLandscapeLeft UIInterfaceOrientationLandscapeRight";
				LD_RUNPATH_SEARCH_PATHS = (
					"$(inherited)",
					"@executable_path/Frameworks",
				);
				MARKETING_VERSION = 1.0;
				PRODUCT_BUNDLE_IDENTIFIER = "yhoshida-sonix-rd.ios-engineer-codecheck";
				PRODUCT_NAME = "$(TARGET_NAME)";
				SWIFT_EMIT_LOC_STRINGS = YES;
				SWIFT_VERSION = 5.0;
				TARGETED_DEVICE_FAMILY = "1,2";
			};
			name = Debug;
		};
		699280A82B1D77B100079E7B /* Release */ = {
			isa = XCBuildConfiguration;
			buildSettings = {
				ASSETCATALOG_COMPILER_APPICON_NAME = AppIcon;
				ASSETCATALOG_COMPILER_GLOBAL_ACCENT_COLOR_NAME = AccentColor;
				CODE_SIGN_STYLE = Automatic;
				CURRENT_PROJECT_VERSION = 1;
				DEVELOPMENT_ASSET_PATHS = "\"ios-engineer-codecheck/Preview Content\"";
				DEVELOPMENT_TEAM = 276WP2MQBP;
				ENABLE_PREVIEWS = YES;
				GENERATE_INFOPLIST_FILE = YES;
				INFOPLIST_KEY_UIApplicationSceneManifest_Generation = YES;
				INFOPLIST_KEY_UIApplicationSupportsIndirectInputEvents = YES;
				INFOPLIST_KEY_UILaunchScreen_Generation = YES;
				INFOPLIST_KEY_UISupportedInterfaceOrientations_iPad = "UIInterfaceOrientationPortrait UIInterfaceOrientationPortraitUpsideDown UIInterfaceOrientationLandscapeLeft UIInterfaceOrientationLandscapeRight";
				INFOPLIST_KEY_UISupportedInterfaceOrientations_iPhone = "UIInterfaceOrientationPortrait UIInterfaceOrientationLandscapeLeft UIInterfaceOrientationLandscapeRight";
				LD_RUNPATH_SEARCH_PATHS = (
					"$(inherited)",
					"@executable_path/Frameworks",
				);
				MARKETING_VERSION = 1.0;
				PRODUCT_BUNDLE_IDENTIFIER = "yhoshida-sonix-rd.ios-engineer-codecheck";
				PRODUCT_NAME = "$(TARGET_NAME)";
				SWIFT_EMIT_LOC_STRINGS = YES;
				SWIFT_VERSION = 5.0;
				TARGETED_DEVICE_FAMILY = "1,2";
			};
			name = Release;
		};
/* End XCBuildConfiguration section */

/* Begin XCConfigurationList section */
		699280932B1D77AE00079E7B /* Build configuration list for PBXProject "ios-engineer-codecheck" */ = {
			isa = XCConfigurationList;
			buildConfigurations = (
				699280A42B1D77B100079E7B /* Debug */,
				699280A52B1D77B100079E7B /* Release */,
			);
			defaultConfigurationIsVisible = 0;
			defaultConfigurationName = Release;
		};
		699280A62B1D77B100079E7B /* Build configuration list for PBXNativeTarget "ios-engineer-codecheck" */ = {
			isa = XCConfigurationList;
			buildConfigurations = (
				699280A72B1D77B100079E7B /* Debug */,
				699280A82B1D77B100079E7B /* Release */,
			);
			defaultConfigurationIsVisible = 0;
			defaultConfigurationName = Release;
		};
/* End XCConfigurationList section */

/* Begin XCRemoteSwiftPackageReference section */
		699280B42B1D830300079E7B /* XCRemoteSwiftPackageReference "swift-composable-architecture" */ = {
			isa = XCRemoteSwiftPackageReference;
			repositoryURL = "git@github.com:pointfreeco/swift-composable-architecture.git";
			requirement = {
				kind = exactVersion;
				version = 0.55.0;
			};
		};
/* End XCRemoteSwiftPackageReference section */

/* Begin XCSwiftPackageProductDependency section */
		699280B52B1D830300079E7B /* ComposableArchitecture */ = {
			isa = XCSwiftPackageProductDependency;
			package = 699280B42B1D830300079E7B /* XCRemoteSwiftPackageReference "swift-composable-architecture" */;
			productName = ComposableArchitecture;
		};
/* End XCSwiftPackageProductDependency section */
	};
	rootObject = 699280902B1D77AE00079E7B /* Project object */;
}
